
Microsoft Visual Studio Solution File, Format Version 12.00
# Visual Studio Version 17
VisualStudioVersion = 17.7.34031.279
MinimumVisualStudioVersion = 10.0.40219.1
Project("{FAE04EC0-301F-11D3-BF4B-00C04F79EFBC}") = "AnemicAndRichEntity", "AnemicAndRichEntity\AnemicAndRichEntity.csproj", "{42DB0F8E-6D97-435D-9632-8D33F1ACC61B}"
EndProject
Project("{FAE04EC0-301F-11D3-BF4B-00C04F79EFBC}") = "Tests", "Tests\Tests.csproj", "{FBB0D994-738D-4C26-B5DE-AE9102C8409F}"
EndProject
Global
	GlobalSection(SolutionConfigurationPlatforms) = preSolution
		Debug|Any CPU = Debug|Any CPU
		Release|Any CPU = Release|Any CPU
	EndGlobalSection
	GlobalSection(ProjectConfigurationPlatforms) = postSolution
		{42DB0F8E-6D97-435D-9632-8D33F1ACC61B}.Debug|Any CPU.ActiveCfg = Debug|Any CPU
		{42DB0F8E-6D97-435D-9632-8D33F1ACC61B}.Debug|Any CPU.Build.0 = Debug|Any CPU
		{42DB0F8E-6D97-435D-9632-8D33F1ACC61B}.Release|Any CPU.ActiveCfg = Release|Any CPU
		{42DB0F8E-6D97-435D-9632-8D33F1ACC61B}.Release|Any CPU.Build.0 = Release|Any CPU
		{FBB0D994-738D-4C26-B5DE-AE9102C8409F}.Debug|Any CPU.ActiveCfg = Debug|Any CPU
		{FBB0D994-738D-4C26-B5DE-AE9102C8409F}.Debug|Any CPU.Build.0 = Debug|Any CPU
		{FBB0D994-738D-4C26-B5DE-AE9102C8409F}.Release|Any CPU.ActiveCfg = Release|Any CPU
		{FBB0D994-738D-4C26-B5DE-AE9102C8409F}.Release|Any CPU.Build.0 = Release|Any CPU
	EndGlobalSection
	GlobalSection(SolutionProperties) = preSolution
		HideSolutionNode = FALSE
	EndGlobalSection
	GlobalSection(ExtensibilityGlobals) = postSolution
		SolutionGuid = {C76E47B2-E119-4DA1-A328-292A07EA7918}
	EndGlobalSection
EndGlobal
